<?xml version="1.0" encoding="UTF-8"?>
<!DOCTYPE plist PUBLIC "-//Apple//DTD PLIST 1.0//EN" "http://www.apple.com/DTDs/PropertyList-1.0.dtd">
<plist version="1.0">
<dict>
	<key>archiveVersion</key>
	<string>1</string>
	<key>classes</key>
	<dict/>
	<key>objectVersion</key>
	<string>46</string>
	<key>objects</key>
	<dict>
		<key>1603F0326A5A1ED6E4363A80</key>
		<dict>
			<key>explicitFileType</key>
			<string>wrapper.framework</string>
			<key>includeInIndex</key>
			<string>0</string>
			<key>isa</key>
			<string>PBXFileReference</string>
			<key>path</key>
			<string>Pods_Hallows.framework</string>
			<key>sourceTree</key>
			<string>BUILT_PRODUCTS_DIR</string>
		</dict>
		<key>5707F5EEAEAADF6AA9A15B62</key>
		<dict>
			<key>includeInIndex</key>
			<string>1</string>
			<key>isa</key>
			<string>PBXFileReference</string>
			<key>lastKnownFileType</key>
			<string>text.xcconfig</string>
			<key>name</key>
			<string>Pods-Hallows.debug.xcconfig</string>
			<key>path</key>
			<string>Pods/Target Support Files/Pods-Hallows/Pods-Hallows.debug.xcconfig</string>
			<key>sourceTree</key>
			<string>&lt;group&gt;</string>
		</dict>
		<key>5A6F3BE7F3B44E1CD5831154</key>
		<dict>
			<key>children</key>
			<array>
				<string>5707F5EEAEAADF6AA9A15B62</string>
				<string>E701FD0DBFE3FDFBC363CAFC</string>
			</array>
			<key>isa</key>
			<string>PBXGroup</string>
			<key>name</key>
			<string>Pods</string>
			<key>sourceTree</key>
			<string>&lt;group&gt;</string>
		</dict>
		<key>8200A9661E24AB4F0065D496</key>
		<dict>
			<key>fileEncoding</key>
			<string>4</string>
			<key>isa</key>
			<string>PBXFileReference</string>
			<key>lastKnownFileType</key>
			<string>sourcecode.c.h</string>
			<key>path</key>
			<string>ZHTextView+Static.h</string>
			<key>sourceTree</key>
			<string>&lt;group&gt;</string>
		</dict>
		<key>8200A9671E24AB4F0065D496</key>
		<dict>
			<key>fileEncoding</key>
			<string>4</string>
			<key>isa</key>
			<string>PBXFileReference</string>
			<key>lastKnownFileType</key>
			<string>sourcecode.c.objc</string>
			<key>path</key>
			<string>ZHTextView+Static.m</string>
			<key>sourceTree</key>
			<string>&lt;group&gt;</string>
		</dict>
		<key>8200A9681E24AB4F0065D496</key>
		<dict>
			<key>fileRef</key>
			<string>8200A9671E24AB4F0065D496</string>
			<key>isa</key>
			<string>PBXBuildFile</string>
		</dict>
		<key>82489EF31E248856003731C9</key>
		<dict>
			<key>children</key>
			<array>
				<string>82489EF41E24886B003731C9</string>
				<string>82489EF51E24886B003731C9</string>
				<string>8200A9661E24AB4F0065D496</string>
				<string>8200A9671E24AB4F0065D496</string>
			</array>
			<key>isa</key>
			<string>PBXGroup</string>
			<key>path</key>
			<string>Views</string>
			<key>sourceTree</key>
			<string>&lt;group&gt;</string>
		</dict>
		<key>82489EF41E24886B003731C9</key>
		<dict>
			<key>fileEncoding</key>
			<string>4</string>
			<key>isa</key>
			<string>PBXFileReference</string>
			<key>lastKnownFileType</key>
			<string>sourcecode.c.h</string>
			<key>path</key>
			<string>ZHTextView.h</string>
			<key>sourceTree</key>
			<string>&lt;group&gt;</string>
		</dict>
		<key>82489EF51E24886B003731C9</key>
		<dict>
			<key>fileEncoding</key>
			<string>4</string>
			<key>isa</key>
			<string>PBXFileReference</string>
			<key>lastKnownFileType</key>
			<string>sourcecode.c.objc</string>
			<key>path</key>
			<string>ZHTextView.m</string>
			<key>sourceTree</key>
			<string>&lt;group&gt;</string>
		</dict>
		<key>82489EF61E24886B003731C9</key>
		<dict>
			<key>fileRef</key>
			<string>82489EF51E24886B003731C9</string>
			<key>isa</key>
			<string>PBXBuildFile</string>
		</dict>
		<key>829071311E23561A00FA1295</key>
		<dict>
			<key>children</key>
			<array>
				<string>8290713C1E23561A00FA1295</string>
				<string>8290713B1E23561A00FA1295</string>
				<string>8290719F1E23628C00FA1295</string>
				<string>5A6F3BE7F3B44E1CD5831154</string>
			</array>
			<key>isa</key>
			<string>PBXGroup</string>
			<key>sourceTree</key>
			<string>&lt;group&gt;</string>
		</dict>
		<key>829071321E23561A00FA1295</key>
		<dict>
			<key>attributes</key>
			<dict>
				<key>LastUpgradeCheck</key>
				<string>0820</string>
				<key>ORGANIZATIONNAME</key>
				<string>Mingle</string>
				<key>TargetAttributes</key>
				<dict>
					<key>829071391E23561A00FA1295</key>
					<dict>
						<key>CreatedOnToolsVersion</key>
						<string>8.2.1</string>
						<key>DevelopmentTeam</key>
						<string>CY9DXZ6JC3</string>
						<key>ProvisioningStyle</key>
						<string>Automatic</string>
					</dict>
				</dict>
			</dict>
			<key>buildConfigurationList</key>
			<string>829071351E23561A00FA1295</string>
			<key>compatibilityVersion</key>
			<string>Xcode 3.2</string>
			<key>developmentRegion</key>
			<string>English</string>
			<key>hasScannedForEncodings</key>
			<string>0</string>
			<key>isa</key>
			<string>PBXProject</string>
			<key>knownRegions</key>
			<array>
				<string>en</string>
				<string>Base</string>
			</array>
			<key>mainGroup</key>
			<string>829071311E23561A00FA1295</string>
			<key>productRefGroup</key>
			<string>8290713B1E23561A00FA1295</string>
			<key>projectDirPath</key>
			<string></string>
			<key>projectReferences</key>
			<array/>
			<key>projectRoot</key>
			<string></string>
			<key>targets</key>
			<array>
				<string>829071391E23561A00FA1295</string>
			</array>
		</dict>
		<key>829071351E23561A00FA1295</key>
		<dict>
			<key>buildConfigurations</key>
			<array>
				<string>8290714F1E23561A00FA1295</string>
				<string>829071501E23561A00FA1295</string>
			</array>
			<key>defaultConfigurationIsVisible</key>
			<string>0</string>
			<key>defaultConfigurationName</key>
			<string>Release</string>
			<key>isa</key>
			<string>XCConfigurationList</string>
		</dict>
		<key>829071361E23561A00FA1295</key>
		<dict>
			<key>buildActionMask</key>
			<string>2147483647</string>
			<key>files</key>
			<array>
				<string>829071BD1E23762400FA1295</string>
				<string>8290716E1E23593800FA1295</string>
				<string>8290716D1E23593800FA1295</string>
				<string>8290718A1E235EAE00FA1295</string>
				<string>829071B31E2369AC00FA1295</string>
				<string>8290719A1E235F0200FA1295</string>
				<string>829071421E23561A00FA1295</string>
				<string>8290719B1E235F0200FA1295</string>
				<string>8290713F1E23561A00FA1295</string>
				<string>829071991E235F0200FA1295</string>
				<string>829071AE1E23652900FA1295</string>
				<string>8290716C1E23593800FA1295</string>
				<string>8290716F1E23593800FA1295</string>
				<string>829071AD1E23652900FA1295</string>
				<string>829071981E235F0200FA1295</string>
				<string>8290718B1E235EAE00FA1295</string>
				<string>8290719C1E235F0200FA1295</string>
				<string>82489EF61E24886B003731C9</string>
				<string>829071A51E23645900FA1295</string>
				<string>8200A9681E24AB4F0065D496</string>
				<string>829071AF1E23652900FA1295</string>
			</array>
			<key>isa</key>
			<string>PBXSourcesBuildPhase</string>
			<key>runOnlyForDeploymentPostprocessing</key>
			<string>0</string>
		</dict>
		<key>829071371E23561A00FA1295</key>
		<dict>
			<key>buildActionMask</key>
			<string>2147483647</string>
			<key>files</key>
			<array>
				<string>829071A11E23628C00FA1295</string>
				<string>9B91C4948835113D95D053C0</string>
			</array>
			<key>isa</key>
			<string>PBXFrameworksBuildPhase</string>
			<key>runOnlyForDeploymentPostprocessing</key>
			<string>0</string>
		</dict>
		<key>829071381E23561A00FA1295</key>
		<dict>
			<key>buildActionMask</key>
			<string>2147483647</string>
			<key>files</key>
			<array>
				<string>8290714D1E23561A00FA1295</string>
				<string>8290714A1E23561A00FA1295</string>
				<string>829071481E23561A00FA1295</string>
			</array>
			<key>isa</key>
			<string>PBXResourcesBuildPhase</string>
			<key>runOnlyForDeploymentPostprocessing</key>
			<string>0</string>
		</dict>
		<key>829071391E23561A00FA1295</key>
		<dict>
			<key>buildConfigurationList</key>
			<string>829071511E23561A00FA1295</string>
			<key>buildPhases</key>
			<array>
				<string>C549493ECCEAD8EAC7081DA3</string>
				<string>829071361E23561A00FA1295</string>
				<string>829071371E23561A00FA1295</string>
				<string>829071381E23561A00FA1295</string>
				<string>D9E16CD57C6653D09488159E</string>
				<string>B64392F124A7B49B7BFEAA79</string>
			</array>
			<key>buildRules</key>
			<array/>
			<key>dependencies</key>
			<array/>
			<key>isa</key>
			<string>PBXNativeTarget</string>
			<key>name</key>
			<string>Hallows</string>
			<key>productName</key>
			<string>Hallows</string>
			<key>productReference</key>
			<string>8290713A1E23561A00FA1295</string>
			<key>productType</key>
			<string>com.apple.product-type.application</string>
		</dict>
		<key>8290713A1E23561A00FA1295</key>
		<dict>
			<key>explicitFileType</key>
			<string>wrapper.application</string>
			<key>includeInIndex</key>
			<string>0</string>
			<key>isa</key>
			<string>PBXFileReference</string>
			<key>path</key>
			<string>Hallows.app</string>
			<key>sourceTree</key>
			<string>BUILT_PRODUCTS_DIR</string>
		</dict>
		<key>8290713B1E23561A00FA1295</key>
		<dict>
			<key>children</key>
			<array>
				<string>8290713A1E23561A00FA1295</string>
			</array>
			<key>isa</key>
			<string>PBXGroup</string>
			<key>name</key>
			<string>Products</string>
			<key>sourceTree</key>
			<string>&lt;group&gt;</string>
		</dict>
		<key>8290713C1E23561A00FA1295</key>
		<dict>
			<key>children</key>
			<array>
				<string>82489EF31E248856003731C9</string>
				<string>829071A21E23640E00FA1295</string>
				<string>829071811E235EAE00FA1295</string>
				<string>829071631E23593800FA1295</string>
				<string>829071401E23561A00FA1295</string>
				<string>829071411E23561A00FA1295</string>
				<string>829071461E23561A00FA1295</string>
				<string>829071491E23561A00FA1295</string>
				<string>8290714B1E23561A00FA1295</string>
				<string>8290714E1E23561A00FA1295</string>
				<string>8290713D1E23561A00FA1295</string>
			</array>
			<key>isa</key>
			<string>PBXGroup</string>
			<key>path</key>
			<string>Hallows</string>
			<key>sourceTree</key>
			<string>&lt;group&gt;</string>
		</dict>
		<key>8290713D1E23561A00FA1295</key>
		<dict>
			<key>children</key>
			<array>
				<string>8290713E1E23561A00FA1295</string>
			</array>
			<key>isa</key>
			<string>PBXGroup</string>
			<key>name</key>
			<string>Supporting Files</string>
			<key>sourceTree</key>
			<string>&lt;group&gt;</string>
		</dict>
		<key>8290713E1E23561A00FA1295</key>
		<dict>
			<key>isa</key>
			<string>PBXFileReference</string>
			<key>lastKnownFileType</key>
			<string>sourcecode.c.objc</string>
			<key>path</key>
			<string>main.m</string>
			<key>sourceTree</key>
			<string>&lt;group&gt;</string>
		</dict>
		<key>8290713F1E23561A00FA1295</key>
		<dict>
			<key>fileRef</key>
			<string>8290713E1E23561A00FA1295</string>
			<key>isa</key>
			<string>PBXBuildFile</string>
		</dict>
		<key>829071401E23561A00FA1295</key>
		<dict>
			<key>isa</key>
			<string>PBXFileReference</string>
			<key>lastKnownFileType</key>
			<string>sourcecode.c.h</string>
			<key>path</key>
			<string>AppDelegate.h</string>
			<key>sourceTree</key>
			<string>&lt;group&gt;</string>
		</dict>
		<key>829071411E23561A00FA1295</key>
		<dict>
			<key>isa</key>
			<string>PBXFileReference</string>
			<key>lastKnownFileType</key>
			<string>sourcecode.c.objc</string>
			<key>path</key>
			<string>AppDelegate.m</string>
			<key>sourceTree</key>
			<string>&lt;group&gt;</string>
		</dict>
		<key>829071421E23561A00FA1295</key>
		<dict>
			<key>fileRef</key>
			<string>829071411E23561A00FA1295</string>
			<key>isa</key>
			<string>PBXBuildFile</string>
		</dict>
		<key>829071461E23561A00FA1295</key>
		<dict>
			<key>children</key>
			<array>
				<string>829071471E23561A00FA1295</string>
			</array>
			<key>isa</key>
			<string>PBXVariantGroup</string>
			<key>name</key>
			<string>Main.storyboard</string>
			<key>sourceTree</key>
			<string>&lt;group&gt;</string>
		</dict>
		<key>829071471E23561A00FA1295</key>
		<dict>
			<key>isa</key>
			<string>PBXFileReference</string>
			<key>lastKnownFileType</key>
			<string>file.storyboard</string>
			<key>name</key>
			<string>Base</string>
			<key>path</key>
			<string>Base.lproj/Main.storyboard</string>
			<key>sourceTree</key>
			<string>&lt;group&gt;</string>
		</dict>
		<key>829071481E23561A00FA1295</key>
		<dict>
			<key>fileRef</key>
			<string>829071461E23561A00FA1295</string>
			<key>isa</key>
			<string>PBXBuildFile</string>
		</dict>
		<key>829071491E23561A00FA1295</key>
		<dict>
			<key>isa</key>
			<string>PBXFileReference</string>
			<key>lastKnownFileType</key>
			<string>folder.assetcatalog</string>
			<key>path</key>
			<string>Assets.xcassets</string>
			<key>sourceTree</key>
			<string>&lt;group&gt;</string>
		</dict>
		<key>8290714A1E23561A00FA1295</key>
		<dict>
			<key>fileRef</key>
			<string>829071491E23561A00FA1295</string>
			<key>isa</key>
			<string>PBXBuildFile</string>
		</dict>
		<key>8290714B1E23561A00FA1295</key>
		<dict>
			<key>children</key>
			<array>
				<string>8290714C1E23561A00FA1295</string>
			</array>
			<key>isa</key>
			<string>PBXVariantGroup</string>
			<key>name</key>
			<string>LaunchScreen.storyboard</string>
			<key>sourceTree</key>
			<string>&lt;group&gt;</string>
		</dict>
		<key>8290714C1E23561A00FA1295</key>
		<dict>
			<key>isa</key>
			<string>PBXFileReference</string>
			<key>lastKnownFileType</key>
			<string>file.storyboard</string>
			<key>name</key>
			<string>Base</string>
			<key>path</key>
			<string>Base.lproj/LaunchScreen.storyboard</string>
			<key>sourceTree</key>
			<string>&lt;group&gt;</string>
		</dict>
		<key>8290714D1E23561A00FA1295</key>
		<dict>
			<key>fileRef</key>
			<string>8290714B1E23561A00FA1295</string>
			<key>isa</key>
			<string>PBXBuildFile</string>
		</dict>
		<key>8290714E1E23561A00FA1295</key>
		<dict>
			<key>isa</key>
			<string>PBXFileReference</string>
			<key>lastKnownFileType</key>
			<string>text.plist.xml</string>
			<key>path</key>
			<string>Info.plist</string>
			<key>sourceTree</key>
			<string>&lt;group&gt;</string>
		</dict>
		<key>8290714F1E23561A00FA1295</key>
		<dict>
			<key>buildSettings</key>
			<dict>
				<key>ALWAYS_SEARCH_USER_PATHS</key>
				<string>NO</string>
				<key>CLANG_ANALYZER_NONNULL</key>
				<string>YES</string>
				<key>CLANG_CXX_LANGUAGE_STANDARD</key>
				<string>gnu++0x</string>
				<key>CLANG_CXX_LIBRARY</key>
				<string>libc++</string>
				<key>CLANG_ENABLE_MODULES</key>
				<string>YES</string>
				<key>CLANG_ENABLE_OBJC_ARC</key>
				<string>YES</string>
				<key>CLANG_WARN_BOOL_CONVERSION</key>
				<string>YES</string>
				<key>CLANG_WARN_CONSTANT_CONVERSION</key>
				<string>YES</string>
				<key>CLANG_WARN_DIRECT_OBJC_ISA_USAGE</key>
				<string>YES_ERROR</string>
				<key>CLANG_WARN_DOCUMENTATION_COMMENTS</key>
				<string>YES</string>
				<key>CLANG_WARN_EMPTY_BODY</key>
				<string>YES</string>
				<key>CLANG_WARN_ENUM_CONVERSION</key>
				<string>YES</string>
				<key>CLANG_WARN_INFINITE_RECURSION</key>
				<string>YES</string>
				<key>CLANG_WARN_INT_CONVERSION</key>
				<string>YES</string>
				<key>CLANG_WARN_OBJC_ROOT_CLASS</key>
				<string>YES_ERROR</string>
				<key>CLANG_WARN_SUSPICIOUS_MOVE</key>
				<string>YES</string>
				<key>CLANG_WARN_UNREACHABLE_CODE</key>
				<string>YES</string>
				<key>CLANG_WARN__DUPLICATE_METHOD_MATCH</key>
				<string>YES</string>
				<key>CODE_SIGN_IDENTITY[sdk=iphoneos*]</key>
				<string>iPhone Developer</string>
				<key>COPY_PHASE_STRIP</key>
				<string>NO</string>
				<key>DEBUG_INFORMATION_FORMAT</key>
				<string>dwarf</string>
				<key>ENABLE_STRICT_OBJC_MSGSEND</key>
				<string>YES</string>
				<key>ENABLE_TESTABILITY</key>
				<string>YES</string>
				<key>GCC_C_LANGUAGE_STANDARD</key>
				<string>gnu99</string>
				<key>GCC_DYNAMIC_NO_PIC</key>
				<string>NO</string>
				<key>GCC_NO_COMMON_BLOCKS</key>
				<string>YES</string>
				<key>GCC_OPTIMIZATION_LEVEL</key>
				<string>0</string>
				<key>GCC_PREPROCESSOR_DEFINITIONS</key>
				<array>
					<string>DEBUG=1</string>
					<string>$(inherited)</string>
				</array>
				<key>GCC_WARN_64_TO_32_BIT_CONVERSION</key>
				<string>YES</string>
				<key>GCC_WARN_ABOUT_RETURN_TYPE</key>
				<string>YES_ERROR</string>
				<key>GCC_WARN_UNDECLARED_SELECTOR</key>
				<string>YES</string>
				<key>GCC_WARN_UNINITIALIZED_AUTOS</key>
				<string>YES_AGGRESSIVE</string>
				<key>GCC_WARN_UNUSED_FUNCTION</key>
				<string>YES</string>
				<key>GCC_WARN_UNUSED_VARIABLE</key>
				<string>YES</string>
				<key>IPHONEOS_DEPLOYMENT_TARGET</key>
				<string>10.2</string>
				<key>MTL_ENABLE_DEBUG_INFO</key>
				<string>YES</string>
				<key>ONLY_ACTIVE_ARCH</key>
				<string>YES</string>
				<key>SDKROOT</key>
				<string>iphoneos</string>
			</dict>
			<key>isa</key>
			<string>XCBuildConfiguration</string>
			<key>name</key>
			<string>Debug</string>
		</dict>
		<key>829071501E23561A00FA1295</key>
		<dict>
			<key>buildSettings</key>
			<dict>
				<key>ALWAYS_SEARCH_USER_PATHS</key>
				<string>NO</string>
				<key>CLANG_ANALYZER_NONNULL</key>
				<string>YES</string>
				<key>CLANG_CXX_LANGUAGE_STANDARD</key>
				<string>gnu++0x</string>
				<key>CLANG_CXX_LIBRARY</key>
				<string>libc++</string>
				<key>CLANG_ENABLE_MODULES</key>
				<string>YES</string>
				<key>CLANG_ENABLE_OBJC_ARC</key>
				<string>YES</string>
				<key>CLANG_WARN_BOOL_CONVERSION</key>
				<string>YES</string>
				<key>CLANG_WARN_CONSTANT_CONVERSION</key>
				<string>YES</string>
				<key>CLANG_WARN_DIRECT_OBJC_ISA_USAGE</key>
				<string>YES_ERROR</string>
				<key>CLANG_WARN_DOCUMENTATION_COMMENTS</key>
				<string>YES</string>
				<key>CLANG_WARN_EMPTY_BODY</key>
				<string>YES</string>
				<key>CLANG_WARN_ENUM_CONVERSION</key>
				<string>YES</string>
				<key>CLANG_WARN_INFINITE_RECURSION</key>
				<string>YES</string>
				<key>CLANG_WARN_INT_CONVERSION</key>
				<string>YES</string>
				<key>CLANG_WARN_OBJC_ROOT_CLASS</key>
				<string>YES_ERROR</string>
				<key>CLANG_WARN_SUSPICIOUS_MOVE</key>
				<string>YES</string>
				<key>CLANG_WARN_UNREACHABLE_CODE</key>
				<string>YES</string>
				<key>CLANG_WARN__DUPLICATE_METHOD_MATCH</key>
				<string>YES</string>
				<key>CODE_SIGN_IDENTITY[sdk=iphoneos*]</key>
				<string>iPhone Developer</string>
				<key>COPY_PHASE_STRIP</key>
				<string>NO</string>
				<key>DEBUG_INFORMATION_FORMAT</key>
				<string>dwarf-with-dsym</string>
				<key>ENABLE_NS_ASSERTIONS</key>
				<string>NO</string>
				<key>ENABLE_STRICT_OBJC_MSGSEND</key>
				<string>YES</string>
				<key>GCC_C_LANGUAGE_STANDARD</key>
				<string>gnu99</string>
				<key>GCC_NO_COMMON_BLOCKS</key>
				<string>YES</string>
				<key>GCC_WARN_64_TO_32_BIT_CONVERSION</key>
				<string>YES</string>
				<key>GCC_WARN_ABOUT_RETURN_TYPE</key>
				<string>YES_ERROR</string>
				<key>GCC_WARN_UNDECLARED_SELECTOR</key>
				<string>YES</string>
				<key>GCC_WARN_UNINITIALIZED_AUTOS</key>
				<string>YES_AGGRESSIVE</string>
				<key>GCC_WARN_UNUSED_FUNCTION</key>
				<string>YES</string>
				<key>GCC_WARN_UNUSED_VARIABLE</key>
				<string>YES</string>
				<key>IPHONEOS_DEPLOYMENT_TARGET</key>
				<string>10.2</string>
				<key>MTL_ENABLE_DEBUG_INFO</key>
				<string>NO</string>
				<key>SDKROOT</key>
				<string>iphoneos</string>
				<key>VALIDATE_PRODUCT</key>
				<string>YES</string>
			</dict>
			<key>isa</key>
			<string>XCBuildConfiguration</string>
			<key>name</key>
			<string>Release</string>
		</dict>
		<key>829071511E23561A00FA1295</key>
		<dict>
			<key>buildConfigurations</key>
			<array>
				<string>829071521E23561A00FA1295</string>
				<string>829071531E23561A00FA1295</string>
			</array>
			<key>defaultConfigurationIsVisible</key>
			<string>0</string>
			<key>defaultConfigurationName</key>
			<string>Release</string>
			<key>isa</key>
			<string>XCConfigurationList</string>
		</dict>
		<key>829071521E23561A00FA1295</key>
		<dict>
			<key>baseConfigurationReference</key>
			<string>5707F5EEAEAADF6AA9A15B62</string>
			<key>buildSettings</key>
			<dict>
				<key>ASSETCATALOG_COMPILER_APPICON_NAME</key>
				<string>AppIcon</string>
				<key>DEVELOPMENT_TEAM</key>
				<string>CY9DXZ6JC3</string>
				<key>HEADER_SEARCH_PATHS</key>
				<string>/usr/include/libxml2</string>
				<key>INFOPLIST_FILE</key>
				<string>Hallows/Info.plist</string>
				<key>IPHONEOS_DEPLOYMENT_TARGET</key>
				<string>9.0</string>
				<key>LD_RUNPATH_SEARCH_PATHS</key>
				<string>$(inherited) @executable_path/Frameworks</string>
				<key>PRODUCT_BUNDLE_IDENTIFIER</key>
				<string>minglechang.Hallows</string>
				<key>PRODUCT_NAME</key>
				<string>$(TARGET_NAME)</string>
			</dict>
			<key>isa</key>
			<string>XCBuildConfiguration</string>
			<key>name</key>
			<string>Debug</string>
		</dict>
		<key>829071531E23561A00FA1295</key>
		<dict>
			<key>baseConfigurationReference</key>
			<string>E701FD0DBFE3FDFBC363CAFC</string>
			<key>buildSettings</key>
			<dict>
				<key>ASSETCATALOG_COMPILER_APPICON_NAME</key>
				<string>AppIcon</string>
				<key>DEVELOPMENT_TEAM</key>
				<string>CY9DXZ6JC3</string>
				<key>HEADER_SEARCH_PATHS</key>
				<string>/usr/include/libxml2</string>
				<key>INFOPLIST_FILE</key>
				<string>Hallows/Info.plist</string>
				<key>IPHONEOS_DEPLOYMENT_TARGET</key>
				<string>9.0</string>
				<key>LD_RUNPATH_SEARCH_PATHS</key>
				<string>$(inherited) @executable_path/Frameworks</string>
				<key>PRODUCT_BUNDLE_IDENTIFIER</key>
				<string>minglechang.Hallows</string>
				<key>PRODUCT_NAME</key>
				<string>$(TARGET_NAME)</string>
			</dict>
			<key>isa</key>
			<string>XCBuildConfiguration</string>
			<key>name</key>
			<string>Release</string>
		</dict>
		<key>829071631E23593800FA1295</key>
		<dict>
			<key>children</key>
			<array>
				<string>829071661E23593800FA1295</string>
				<string>829071671E23593800FA1295</string>
				<string>8290716A1E23593800FA1295</string>
				<string>8290716B1E23593800FA1295</string>
				<string>829071641E23593800FA1295</string>
				<string>829071651E23593800FA1295</string>
				<string>829071681E23593800FA1295</string>
				<string>829071691E23593800FA1295</string>
			</array>
			<key>isa</key>
			<string>PBXGroup</string>
			<key>path</key>
			<string>Controllers</string>
			<key>sourceTree</key>
			<string>&lt;group&gt;</string>
		</dict>
		<key>829071641E23593800FA1295</key>
		<dict>
			<key>fileEncoding</key>
			<string>4</string>
			<key>isa</key>
			<string>PBXFileReference</string>
			<key>lastKnownFileType</key>
			<string>sourcecode.c.h</string>
			<key>path</key>
			<string>ZHChapterController.h</string>
			<key>sourceTree</key>
			<string>&lt;group&gt;</string>
		</dict>
		<key>829071651E23593800FA1295</key>
		<dict>
			<key>fileEncoding</key>
			<string>4</string>
			<key>isa</key>
			<string>PBXFileReference</string>
			<key>lastKnownFileType</key>
			<string>sourcecode.c.objc</string>
			<key>path</key>
			<string>ZHChapterController.m</string>
			<key>sourceTree</key>
			<string>&lt;group&gt;</string>
		</dict>
		<key>829071661E23593800FA1295</key>
		<dict>
			<key>fileEncoding</key>
			<string>4</string>
			<key>isa</key>
			<string>PBXFileReference</string>
			<key>lastKnownFileType</key>
			<string>sourcecode.c.h</string>
			<key>path</key>
			<string>ZHHomeController.h</string>
			<key>sourceTree</key>
			<string>&lt;group&gt;</string>
		</dict>
		<key>829071671E23593800FA1295</key>
		<dict>
			<key>fileEncoding</key>
			<string>4</string>
			<key>isa</key>
			<string>PBXFileReference</string>
			<key>lastKnownFileType</key>
			<string>sourcecode.c.objc</string>
			<key>path</key>
			<string>ZHHomeController.m</string>
			<key>sourceTree</key>
			<string>&lt;group&gt;</string>
		</dict>
		<key>829071681E23593800FA1295</key>
		<dict>
			<key>fileEncoding</key>
			<string>4</string>
			<key>isa</key>
			<string>PBXFileReference</string>
			<key>lastKnownFileType</key>
			<string>sourcecode.c.h</string>
			<key>path</key>
			<string>ZHReaderController.h</string>
			<key>sourceTree</key>
			<string>&lt;group&gt;</string>
		</dict>
		<key>829071691E23593800FA1295</key>
		<dict>
			<key>fileEncoding</key>
			<string>4</string>
			<key>isa</key>
			<string>PBXFileReference</string>
			<key>lastKnownFileType</key>
			<string>sourcecode.c.objc</string>
			<key>path</key>
			<string>ZHReaderController.m</string>
			<key>sourceTree</key>
			<string>&lt;group&gt;</string>
		</dict>
		<key>8290716A1E23593800FA1295</key>
		<dict>
			<key>fileEncoding</key>
			<string>4</string>
			<key>isa</key>
			<string>PBXFileReference</string>
			<key>lastKnownFileType</key>
			<string>sourcecode.c.h</string>
			<key>path</key>
			<string>ZHSearchController.h</string>
			<key>sourceTree</key>
			<string>&lt;group&gt;</string>
		</dict>
		<key>8290716B1E23593800FA1295</key>
		<dict>
			<key>fileEncoding</key>
			<string>4</string>
			<key>isa</key>
			<string>PBXFileReference</string>
			<key>lastKnownFileType</key>
			<string>sourcecode.c.objc</string>
			<key>path</key>
			<string>ZHSearchController.m</string>
			<key>sourceTree</key>
			<string>&lt;group&gt;</string>
		</dict>
		<key>8290716C1E23593800FA1295</key>
		<dict>
			<key>fileRef</key>
			<string>829071651E23593800FA1295</string>
			<key>isa</key>
			<string>PBXBuildFile</string>
		</dict>
		<key>8290716D1E23593800FA1295</key>
		<dict>
			<key>fileRef</key>
			<string>829071671E23593800FA1295</string>
			<key>isa</key>
			<string>PBXBuildFile</string>
		</dict>
		<key>8290716E1E23593800FA1295</key>
		<dict>
			<key>fileRef</key>
			<string>829071691E23593800FA1295</string>
			<key>isa</key>
			<string>PBXBuildFile</string>
		</dict>
		<key>8290716F1E23593800FA1295</key>
		<dict>
			<key>fileRef</key>
			<string>8290716B1E23593800FA1295</string>
			<key>isa</key>
			<string>PBXBuildFile</string>
		</dict>
		<key>829071811E235EAE00FA1295</key>
		<dict>
			<key>children</key>
			<array>
				<string>829071B61E236C3900FA1295</string>
				<string>829071B01E23699900FA1295</string>
				<string>829071821E235EAE00FA1295</string>
				<string>829071871E235EAE00FA1295</string>
				<string>829071881E235EAE00FA1295</string>
				<string>8290719D1E23612A00FA1295</string>
			</array>
			<key>isa</key>
			<string>PBXGroup</string>
			<key>path</key>
			<string>Common</string>
			<key>sourceTree</key>
			<string>&lt;group&gt;</string>
		</dict>
		<key>829071821E235EAE00FA1295</key>
		<dict>
			<key>children</key>
			<array>
				<string>8290719E1E23615800FA1295</string>
				<string>829071831E235EAE00FA1295</string>
				<string>829071841E235EAE00FA1295</string>
				<string>829071851E235EAE00FA1295</string>
				<string>829071861E235EAE00FA1295</string>
			</array>
			<key>isa</key>
			<string>PBXGroup</string>
			<key>path</key>
			<string>Const</string>
			<key>sourceTree</key>
			<string>&lt;group&gt;</string>
		</dict>
		<key>829071831E235EAE00FA1295</key>
		<dict>
			<key>fileEncoding</key>
			<string>4</string>
			<key>isa</key>
			<string>PBXFileReference</string>
			<key>lastKnownFileType</key>
			<string>sourcecode.c.h</string>
			<key>path</key>
			<string>ZHConstSegueId.h</string>
			<key>sourceTree</key>
			<string>&lt;group&gt;</string>
		</dict>
		<key>829071841E235EAE00FA1295</key>
		<dict>
			<key>fileEncoding</key>
			<string>4</string>
			<key>isa</key>
			<string>PBXFileReference</string>
			<key>lastKnownFileType</key>
			<string>sourcecode.c.objc</string>
			<key>path</key>
			<string>ZHConstSegueId.m</string>
			<key>sourceTree</key>
			<string>&lt;group&gt;</string>
		</dict>
		<key>829071851E235EAE00FA1295</key>
		<dict>
			<key>fileEncoding</key>
			<string>4</string>
			<key>isa</key>
			<string>PBXFileReference</string>
			<key>lastKnownFileType</key>
			<string>sourcecode.c.h</string>
			<key>path</key>
			<string>ZHConstStoryboardId.h</string>
			<key>sourceTree</key>
			<string>&lt;group&gt;</string>
		</dict>
		<key>829071861E235EAE00FA1295</key>
		<dict>
			<key>fileEncoding</key>
			<string>4</string>
			<key>isa</key>
			<string>PBXFileReference</string>
			<key>lastKnownFileType</key>
			<string>sourcecode.c.objc</string>
			<key>path</key>
			<string>ZHConstStoryboardId.m</string>
			<key>sourceTree</key>
			<string>&lt;group&gt;</string>
		</dict>
		<key>829071871E235EAE00FA1295</key>
		<dict>
			<key>children</key>
			<array>
				<string>829071BA1E23720200FA1295</string>
			</array>
			<key>isa</key>
			<string>PBXGroup</string>
			<key>path</key>
			<string>Macro</string>
			<key>sourceTree</key>
			<string>&lt;group&gt;</string>
		</dict>
		<key>829071881E235EAE00FA1295</key>
		<dict>
			<key>children</key>
			<array>
				<string>829071A61E23652900FA1295</string>
				<string>8290718C1E235F0200FA1295</string>
			</array>
			<key>isa</key>
			<string>PBXGroup</string>
			<key>path</key>
			<string>Thirds</string>
			<key>sourceTree</key>
			<string>&lt;group&gt;</string>
		</dict>
		<key>8290718A1E235EAE00FA1295</key>
		<dict>
			<key>fileRef</key>
			<string>829071841E235EAE00FA1295</string>
			<key>isa</key>
			<string>PBXBuildFile</string>
		</dict>
		<key>8290718B1E235EAE00FA1295</key>
		<dict>
			<key>fileRef</key>
			<string>829071861E235EAE00FA1295</string>
			<key>isa</key>
			<string>PBXBuildFile</string>
		</dict>
		<key>8290718C1E235F0200FA1295</key>
		<dict>
			<key>children</key>
			<array>
				<string>8290718F1E235F0200FA1295</string>
				<string>8290718D1E235F0200FA1295</string>
				<string>8290718E1E235F0200FA1295</string>
				<string>829071901E235F0200FA1295</string>
				<string>829071911E235F0200FA1295</string>
				<string>829071921E235F0200FA1295</string>
				<string>829071931E235F0200FA1295</string>
				<string>829071941E235F0200FA1295</string>
				<string>829071951E235F0200FA1295</string>
				<string>829071961E235F0200FA1295</string>
				<string>829071971E235F0200FA1295</string>
			</array>
			<key>isa</key>
			<string>PBXGroup</string>
			<key>path</key>
			<string>MCNetwork</string>
			<key>sourceTree</key>
			<string>&lt;group&gt;</string>
		</dict>
		<key>8290718D1E235F0200FA1295</key>
		<dict>
			<key>fileEncoding</key>
			<string>4</string>
			<key>isa</key>
			<string>PBXFileReference</string>
			<key>lastKnownFileType</key>
			<string>sourcecode.c.h</string>
			<key>path</key>
			<string>MCMimeType.h</string>
			<key>sourceTree</key>
			<string>&lt;group&gt;</string>
		</dict>
		<key>8290718E1E235F0200FA1295</key>
		<dict>
			<key>fileEncoding</key>
			<string>4</string>
			<key>isa</key>
			<string>PBXFileReference</string>
			<key>lastKnownFileType</key>
			<string>sourcecode.c.objc</string>
			<key>path</key>
			<string>MCMimeType.m</string>
			<key>sourceTree</key>
			<string>&lt;group&gt;</string>
		</dict>
		<key>8290718F1E235F0200FA1295</key>
		<dict>
			<key>fileEncoding</key>
			<string>4</string>
			<key>isa</key>
			<string>PBXFileReference</string>
			<key>lastKnownFileType</key>
			<string>sourcecode.c.h</string>
			<key>path</key>
			<string>MCNetwork.h</string>
			<key>sourceTree</key>
			<string>&lt;group&gt;</string>
		</dict>
		<key>829071901E235F0200FA1295</key>
		<dict>
			<key>fileEncoding</key>
			<string>4</string>
			<key>isa</key>
			<string>PBXFileReference</string>
			<key>lastKnownFileType</key>
			<string>sourcecode.c.h</string>
			<key>path</key>
			<string>MCNetworkConfigure.h</string>
			<key>sourceTree</key>
			<string>&lt;group&gt;</string>
		</dict>
		<key>829071911E235F0200FA1295</key>
		<dict>
			<key>fileEncoding</key>
			<string>4</string>
			<key>isa</key>
			<string>PBXFileReference</string>
			<key>lastKnownFileType</key>
			<string>sourcecode.c.objc</string>
			<key>path</key>
			<string>MCNetworkConfigure.m</string>
			<key>sourceTree</key>
			<string>&lt;group&gt;</string>
		</dict>
		<key>829071921E235F0200FA1295</key>
		<dict>
			<key>fileEncoding</key>
			<string>4</string>
			<key>isa</key>
			<string>PBXFileReference</string>
			<key>lastKnownFileType</key>
			<string>sourcecode.c.h</string>
			<key>path</key>
			<string>MCRequestSerialization.h</string>
			<key>sourceTree</key>
			<string>&lt;group&gt;</string>
		</dict>
		<key>829071931E235F0200FA1295</key>
		<dict>
			<key>fileEncoding</key>
			<string>4</string>
			<key>isa</key>
			<string>PBXFileReference</string>
			<key>lastKnownFileType</key>
			<string>sourcecode.c.objc</string>
			<key>path</key>
			<string>MCRequestSerialization.m</string>
			<key>sourceTree</key>
			<string>&lt;group&gt;</string>
		</dict>
		<key>829071941E235F0200FA1295</key>
		<dict>
			<key>fileEncoding</key>
			<string>4</string>
			<key>isa</key>
			<string>PBXFileReference</string>
			<key>lastKnownFileType</key>
			<string>sourcecode.c.h</string>
			<key>path</key>
			<string>MCResponseSerialization.h</string>
			<key>sourceTree</key>
			<string>&lt;group&gt;</string>
		</dict>
		<key>829071951E235F0200FA1295</key>
		<dict>
			<key>fileEncoding</key>
			<string>4</string>
			<key>isa</key>
			<string>PBXFileReference</string>
			<key>lastKnownFileType</key>
			<string>sourcecode.c.objc</string>
			<key>path</key>
			<string>MCResponseSerialization.m</string>
			<key>sourceTree</key>
			<string>&lt;group&gt;</string>
		</dict>
		<key>829071961E235F0200FA1295</key>
		<dict>
			<key>fileEncoding</key>
			<string>4</string>
			<key>isa</key>
			<string>PBXFileReference</string>
			<key>lastKnownFileType</key>
			<string>sourcecode.c.h</string>
			<key>path</key>
			<string>MCURLSession.h</string>
			<key>sourceTree</key>
			<string>&lt;group&gt;</string>
		</dict>
		<key>829071971E235F0200FA1295</key>
		<dict>
			<key>fileEncoding</key>
			<string>4</string>
			<key>isa</key>
			<string>PBXFileReference</string>
			<key>lastKnownFileType</key>
			<string>sourcecode.c.objc</string>
			<key>path</key>
			<string>MCURLSession.m</string>
			<key>sourceTree</key>
			<string>&lt;group&gt;</string>
		</dict>
		<key>829071981E235F0200FA1295</key>
		<dict>
			<key>fileRef</key>
			<string>8290718E1E235F0200FA1295</string>
			<key>isa</key>
			<string>PBXBuildFile</string>
		</dict>
		<key>829071991E235F0200FA1295</key>
		<dict>
			<key>fileRef</key>
			<string>829071911E235F0200FA1295</string>
			<key>isa</key>
			<string>PBXBuildFile</string>
		</dict>
		<key>8290719A1E235F0200FA1295</key>
		<dict>
			<key>fileRef</key>
			<string>829071931E235F0200FA1295</string>
			<key>isa</key>
			<string>PBXBuildFile</string>
		</dict>
		<key>8290719B1E235F0200FA1295</key>
		<dict>
			<key>fileRef</key>
			<string>829071951E235F0200FA1295</string>
			<key>isa</key>
			<string>PBXBuildFile</string>
		</dict>
		<key>8290719C1E235F0200FA1295</key>
		<dict>
			<key>fileRef</key>
			<string>829071971E235F0200FA1295</string>
			<key>isa</key>
			<string>PBXBuildFile</string>
		</dict>
		<key>8290719D1E23612A00FA1295</key>
		<dict>
			<key>isa</key>
			<string>PBXFileReference</string>
			<key>lastKnownFileType</key>
			<string>sourcecode.c.h</string>
			<key>path</key>
			<string>ZHCommon.h</string>
			<key>sourceTree</key>
			<string>&lt;group&gt;</string>
		</dict>
		<key>8290719E1E23615800FA1295</key>
		<dict>
			<key>isa</key>
			<string>PBXFileReference</string>
			<key>lastKnownFileType</key>
			<string>sourcecode.c.h</string>
			<key>path</key>
			<string>ZHConst.h</string>
			<key>sourceTree</key>
			<string>&lt;group&gt;</string>
		</dict>
		<key>8290719F1E23628C00FA1295</key>
		<dict>
			<key>children</key>
			<array>
				<string>829071A01E23628C00FA1295</string>
				<string>1603F0326A5A1ED6E4363A80</string>
			</array>
			<key>isa</key>
			<string>PBXGroup</string>
			<key>name</key>
			<string>Frameworks</string>
			<key>sourceTree</key>
			<string>&lt;group&gt;</string>
		</dict>
		<key>829071A01E23628C00FA1295</key>
		<dict>
			<key>isa</key>
			<string>PBXFileReference</string>
			<key>lastKnownFileType</key>
			<string>sourcecode.text-based-dylib-definition</string>
			<key>name</key>
			<string>libxml2.tbd</string>
			<key>path</key>
			<string>usr/lib/libxml2.tbd</string>
			<key>sourceTree</key>
			<string>SDKROOT</string>
		</dict>
		<key>829071A11E23628C00FA1295</key>
		<dict>
			<key>fileRef</key>
			<string>829071A01E23628C00FA1295</string>
			<key>isa</key>
			<string>PBXBuildFile</string>
		</dict>
		<key>829071A21E23640E00FA1295</key>
		<dict>
			<key>children</key>
			<array>
				<string>829071B91E236D9E00FA1295</string>
				<string>829071A31E23645900FA1295</string>
				<string>829071A41E23645900FA1295</string>
				<string>829071BB1E23762400FA1295</string>
				<string>829071BC1E23762400FA1295</string>
			</array>
			<key>isa</key>
			<string>PBXGroup</string>
			<key>path</key>
			<string>Models</string>
			<key>sourceTree</key>
			<string>&lt;group&gt;</string>
		</dict>
		<key>829071A31E23645900FA1295</key>
		<dict>
			<key>fileEncoding</key>
			<string>4</string>
			<key>isa</key>
			<string>PBXFileReference</string>
			<key>lastKnownFileType</key>
			<string>sourcecode.c.h</string>
			<key>path</key>
			<string>ZHChapterModel.h</string>
			<key>sourceTree</key>
			<string>&lt;group&gt;</string>
		</dict>
		<key>829071A41E23645900FA1295</key>
		<dict>
			<key>fileEncoding</key>
			<string>4</string>
			<key>isa</key>
			<string>PBXFileReference</string>
			<key>lastKnownFileType</key>
			<string>sourcecode.c.objc</string>
			<key>path</key>
			<string>ZHChapterModel.m</string>
			<key>sourceTree</key>
			<string>&lt;group&gt;</string>
		</dict>
		<key>829071A51E23645900FA1295</key>
		<dict>
			<key>fileRef</key>
			<string>829071A41E23645900FA1295</string>
			<key>isa</key>
			<string>PBXBuildFile</string>
		</dict>
		<key>829071A61E23652900FA1295</key>
		<dict>
			<key>children</key>
			<array>
				<string>829071A71E23652900FA1295</string>
				<string>829071A81E23652900FA1295</string>
				<string>829071A91E23652900FA1295</string>
				<string>829071AA1E23652900FA1295</string>
				<string>829071AB1E23652900FA1295</string>
				<string>829071AC1E23652900FA1295</string>
			</array>
			<key>isa</key>
			<string>PBXGroup</string>
			<key>path</key>
			<string>TFhpple</string>
			<key>sourceTree</key>
			<string>&lt;group&gt;</string>
		</dict>
		<key>829071A71E23652900FA1295</key>
		<dict>
			<key>fileEncoding</key>
			<string>4</string>
			<key>isa</key>
			<string>PBXFileReference</string>
			<key>lastKnownFileType</key>
			<string>sourcecode.c.h</string>
			<key>path</key>
			<string>TFHpple.h</string>
			<key>sourceTree</key>
			<string>&lt;group&gt;</string>
		</dict>
		<key>829071A81E23652900FA1295</key>
		<dict>
			<key>fileEncoding</key>
			<string>4</string>
			<key>isa</key>
			<string>PBXFileReference</string>
			<key>lastKnownFileType</key>
			<string>sourcecode.c.objc</string>
			<key>path</key>
			<string>TFHpple.m</string>
			<key>sourceTree</key>
			<string>&lt;group&gt;</string>
		</dict>
		<key>829071A91E23652900FA1295</key>
		<dict>
			<key>fileEncoding</key>
			<string>4</string>
			<key>isa</key>
			<string>PBXFileReference</string>
			<key>lastKnownFileType</key>
			<string>sourcecode.c.h</string>
			<key>path</key>
			<string>TFHppleElement.h</string>
			<key>sourceTree</key>
			<string>&lt;group&gt;</string>
		</dict>
		<key>829071AA1E23652900FA1295</key>
		<dict>
			<key>fileEncoding</key>
			<string>4</string>
			<key>isa</key>
			<string>PBXFileReference</string>
			<key>lastKnownFileType</key>
			<string>sourcecode.c.objc</string>
			<key>path</key>
			<string>TFHppleElement.m</string>
			<key>sourceTree</key>
			<string>&lt;group&gt;</string>
		</dict>
		<key>829071AB1E23652900FA1295</key>
		<dict>
			<key>fileEncoding</key>
			<string>4</string>
			<key>isa</key>
			<string>PBXFileReference</string>
			<key>lastKnownFileType</key>
			<string>sourcecode.c.h</string>
			<key>path</key>
			<string>XPathQuery.h</string>
			<key>sourceTree</key>
			<string>&lt;group&gt;</string>
		</dict>
		<key>829071AC1E23652900FA1295</key>
		<dict>
			<key>fileEncoding</key>
			<string>4</string>
			<key>isa</key>
			<string>PBXFileReference</string>
			<key>lastKnownFileType</key>
			<string>sourcecode.c.objc</string>
			<key>path</key>
			<string>XPathQuery.m</string>
			<key>sourceTree</key>
			<string>&lt;group&gt;</string>
		</dict>
		<key>829071AD1E23652900FA1295</key>
		<dict>
			<key>fileRef</key>
			<string>829071A81E23652900FA1295</string>
			<key>isa</key>
			<string>PBXBuildFile</string>
		</dict>
		<key>829071AE1E23652900FA1295</key>
		<dict>
			<key>fileRef</key>
			<string>829071AA1E23652900FA1295</string>
			<key>isa</key>
			<string>PBXBuildFile</string>
		</dict>
		<key>829071AF1E23652900FA1295</key>
		<dict>
			<key>fileRef</key>
			<string>829071AC1E23652900FA1295</string>
			<key>isa</key>
			<string>PBXBuildFile</string>
		</dict>
		<key>829071B01E23699900FA1295</key>
		<dict>
			<key>children</key>
			<array>
				<string>829071B11E2369AC00FA1295</string>
				<string>829071B21E2369AC00FA1295</string>
			</array>
			<key>isa</key>
			<string>PBXGroup</string>
			<key>path</key>
			<string>HTMLParse</string>
			<key>sourceTree</key>
			<string>&lt;group&gt;</string>
		</dict>
		<key>829071B11E2369AC00FA1295</key>
		<dict>
			<key>fileEncoding</key>
			<string>4</string>
			<key>isa</key>
			<string>PBXFileReference</string>
			<key>lastKnownFileType</key>
			<string>sourcecode.c.h</string>
			<key>path</key>
			<string>ZHParse.h</string>
			<key>sourceTree</key>
			<string>&lt;group&gt;</string>
		</dict>
		<key>829071B21E2369AC00FA1295</key>
		<dict>
			<key>fileEncoding</key>
			<string>4</string>
			<key>isa</key>
			<string>PBXFileReference</string>
			<key>lastKnownFileType</key>
			<string>sourcecode.c.objc</string>
			<key>path</key>
			<string>ZHParse.m</string>
			<key>sourceTree</key>
			<string>&lt;group&gt;</string>
		</dict>
		<key>829071B31E2369AC00FA1295</key>
		<dict>
			<key>fileRef</key>
			<string>829071B21E2369AC00FA1295</string>
			<key>isa</key>
			<string>PBXBuildFile</string>
		</dict>
		<key>829071B61E236C3900FA1295</key>
		<dict>
			<key>children</key>
			<array>
				<string>829071B81E236CCF00FA1295</string>
				<string>829071B71E236C3900FA1295</string>
			</array>
			<key>isa</key>
			<string>PBXGroup</string>
			<key>path</key>
			<string>Type</string>
			<key>sourceTree</key>
			<string>&lt;group&gt;</string>
		</dict>
		<key>829071B71E236C3900FA1295</key>
		<dict>
			<key>fileEncoding</key>
			<string>4</string>
			<key>isa</key>
			<string>PBXFileReference</string>
			<key>lastKnownFileType</key>
			<string>sourcecode.c.h</string>
			<key>path</key>
			<string>ZHTypeBlock.h</string>
			<key>sourceTree</key>
			<string>&lt;group&gt;</string>
		</dict>
		<key>829071B81E236CCF00FA1295</key>
		<dict>
			<key>isa</key>
			<string>PBXFileReference</string>
			<key>lastKnownFileType</key>
			<string>sourcecode.c.h</string>
			<key>path</key>
			<string>ZHType.h</string>
			<key>sourceTree</key>
			<string>&lt;group&gt;</string>
		</dict>
		<key>829071B91E236D9E00FA1295</key>
		<dict>
			<key>isa</key>
			<string>PBXFileReference</string>
			<key>lastKnownFileType</key>
			<string>sourcecode.c.h</string>
			<key>path</key>
			<string>ZHModel.h</string>
			<key>sourceTree</key>
			<string>&lt;group&gt;</string>
		</dict>
		<key>829071BA1E23720200FA1295</key>
		<dict>
			<key>isa</key>
			<string>PBXFileReference</string>
			<key>lastKnownFileType</key>
			<string>sourcecode.c.h</string>
			<key>path</key>
			<string>ZHMacro.h</string>
			<key>sourceTree</key>
			<string>&lt;group&gt;</string>
		</dict>
		<key>829071BB1E23762400FA1295</key>
		<dict>
			<key>fileEncoding</key>
			<string>4</string>
			<key>isa</key>
			<string>PBXFileReference</string>
			<key>lastKnownFileType</key>
			<string>sourcecode.c.h</string>
			<key>path</key>
			<string>ZHChapterBodyModel.h</string>
			<key>sourceTree</key>
			<string>&lt;group&gt;</string>
		</dict>
		<key>829071BC1E23762400FA1295</key>
		<dict>
			<key>fileEncoding</key>
			<string>4</string>
			<key>isa</key>
			<string>PBXFileReference</string>
			<key>lastKnownFileType</key>
			<string>sourcecode.c.objc</string>
			<key>path</key>
			<string>ZHChapterBodyModel.m</string>
			<key>sourceTree</key>
			<string>&lt;group&gt;</string>
		</dict>
		<key>829071BD1E23762400FA1295</key>
		<dict>
			<key>fileRef</key>
			<string>829071BC1E23762400FA1295</string>
			<key>isa</key>
			<string>PBXBuildFile</string>
		</dict>
		<key>9B91C4948835113D95D053C0</key>
		<dict>
			<key>fileRef</key>
			<string>1603F0326A5A1ED6E4363A80</string>
			<key>isa</key>
			<string>PBXBuildFile</string>
		</dict>
		<key>B64392F124A7B49B7BFEAA79</key>
		<dict>
			<key>buildActionMask</key>
			<string>2147483647</string>
			<key>files</key>
			<array/>
			<key>inputPaths</key>
			<array/>
			<key>isa</key>
			<string>PBXShellScriptBuildPhase</string>
			<key>name</key>
			<string>&#128230; Copy Pods Resources</string>
			<key>outputPaths</key>
			<array/>
			<key>runOnlyForDeploymentPostprocessing</key>
			<string>0</string>
			<key>shellPath</key>
			<string>/bin/sh</string>
			<key>shellScript</key>
			<string>"${SRCROOT}/Pods/Target Support Files/Pods-Hallows/Pods-Hallows-resources.sh"
</string>
			<key>showEnvVarsInLog</key>
			<string>0</string>
		</dict>
		<key>C549493ECCEAD8EAC7081DA3</key>
		<dict>
			<key>buildActionMask</key>
			<string>2147483647</string>
			<key>files</key>
			<array/>
			<key>inputPaths</key>
			<array/>
			<key>isa</key>
			<string>PBXShellScriptBuildPhase</string>
			<key>name</key>
			<string>&#128230; Check Pods Manifest.lock</string>
			<key>outputPaths</key>
			<array/>
			<key>runOnlyForDeploymentPostprocessing</key>
			<string>0</string>
			<key>shellPath</key>
			<string>/bin/sh</string>
			<key>shellScript</key>
			<string>diff "${PODS_ROOT}/../Podfile.lock" "${PODS_ROOT}/Manifest.lock" &gt; /dev/null
if [[ $? != 0 ]] ; then
    cat &lt;&lt; EOM
error: The sandbox is not in sync with the Podfile.lock. Run 'pod install' or update your CocoaPods installation.
EOM
    exit 1
fi
</string>
			<key>showEnvVarsInLog</key>
			<string>0</string>
		</dict>
		<key>D9E16CD57C6653D09488159E</key>
		<dict>
			<key>buildActionMask</key>
			<string>2147483647</string>
			<key>files</key>
			<array/>
			<key>inputPaths</key>
			<array/>
			<key>isa</key>
			<string>PBXShellScriptBuildPhase</string>
			<key>name</key>
			<string>&#128230; Embed Pods Frameworks</string>
			<key>outputPaths</key>
			<array/>
			<key>runOnlyForDeploymentPostprocessing</key>
			<string>0</string>
			<key>shellPath</key>
			<string>/bin/sh</string>
			<key>shellScript</key>
			<string>"${SRCROOT}/Pods/Target Support Files/Pods-Hallows/Pods-Hallows-frameworks.sh"
</string>
			<key>showEnvVarsInLog</key>
			<string>0</string>
		</dict>
		<key>E701FD0DBFE3FDFBC363CAFC</key>
		<dict>
			<key>includeInIndex</key>
			<string>1</string>
			<key>isa</key>
			<string>PBXFileReference</string>
			<key>lastKnownFileType</key>
			<string>text.xcconfig</string>
			<key>name</key>
			<string>Pods-Hallows.release.xcconfig</string>
			<key>path</key>
			<string>Pods/Target Support Files/Pods-Hallows/Pods-Hallows.release.xcconfig</string>
			<key>sourceTree</key>
			<string>&lt;group&gt;</string>
		</dict>
	</dict>
	<key>rootObject</key>
	<string>829071321E23561A00FA1295</string>
</dict>
</plist>
